
Microsoft Visual Studio Solution File, Format Version 12.00
# Visual Studio Version 16
VisualStudioVersion = 16.0.31424.327
MinimumVisualStudioVersion = 10.0.40219.1
Project("{FAE04EC0-301F-11D3-BF4B-00C04F79EFBC}") = "Stockhlm-soundrom-vs", "Stockhlm-soundrom-vs\Stockhlm-soundrom-vs.csproj", "{0EEF2079-CAFE-44AD-9BA1-E9D4B9EB06E0}"
EndProject
Project("{FAE04EC0-301F-11D3-BF4B-00C04F79EFBC}") = "Main", "Admin\Main.csproj", "{C633B87A-3F09-46C1-9987-60B894664962}"
EndProject
Global
	GlobalSection(SolutionConfigurationPlatforms) = preSolution
		Debug|Any CPU = Debug|Any CPU
		Release|Any CPU = Release|Any CPU
	EndGlobalSection
	GlobalSection(ProjectConfigurationPlatforms) = postSolution
		{0EEF2079-CAFE-44AD-9BA1-E9D4B9EB06E0}.Debug|Any CPU.ActiveCfg = Debug|Any CPU
		{0EEF2079-CAFE-44AD-9BA1-E9D4B9EB06E0}.Debug|Any CPU.Build.0 = Debug|Any CPU
		{0EEF2079-CAFE-44AD-9BA1-E9D4B9EB06E0}.Release|Any CPU.ActiveCfg = Release|Any CPU
		{0EEF2079-CAFE-44AD-9BA1-E9D4B9EB06E0}.Release|Any CPU.Build.0 = Release|Any CPU
		{C633B87A-3F09-46C1-9987-60B894664962}.Debug|Any CPU.ActiveCfg = Debug|Any CPU
		{C633B87A-3F09-46C1-9987-60B894664962}.Debug|Any CPU.Build.0 = Debug|Any CPU
		{C633B87A-3F09-46C1-9987-60B894664962}.Release|Any CPU.ActiveCfg = Release|Any CPU
		{C633B87A-3F09-46C1-9987-60B894664962}.Release|Any CPU.Build.0 = Release|Any CPU
	EndGlobalSection
	GlobalSection(SolutionProperties) = preSolution
		HideSolutionNode = FALSE
	EndGlobalSection
	GlobalSection(ExtensibilityGlobals) = postSolution
		SolutionGuid = {8E641257-F0C7-4DEE-8F2F-34147351EDDE}
	EndGlobalSection
EndGlobal
